
Microsoft Visual Studio Solution File, Format Version 12.00
# Visual Studio Version 16
VisualStudioVersion = 16.0.30907.101
MinimumVisualStudioVersion = 10.0.40219.1
Project("{FAE04EC0-301F-11D3-BF4B-00C04F79EFBC}") = "Git", "Git\Git.csproj", "{028BF894-51BF-432A-A64D-4ABA898E3030}"
EndProject
Global
	GlobalSection(SolutionConfigurationPlatforms) = preSolution
		Debug|Any CPU = Debug|Any CPU
		Release|Any CPU = Release|Any CPU
	EndGlobalSection
	GlobalSection(ProjectConfigurationPlatforms) = postSolution
		{028BF894-51BF-432A-A64D-4ABA898E3030}.Debug|Any CPU.ActiveCfg = Debug|Any CPU
		{028BF894-51BF-432A-A64D-4ABA898E3030}.Debug|Any CPU.Build.0 = Debug|Any CPU
		{028BF894-51BF-432A-A64D-4ABA898E3030}.Release|Any CPU.ActiveCfg = Release|Any CPU
		{028BF894-51BF-432A-A64D-4ABA898E3030}.Release|Any CPU.Build.0 = Release|Any CPU
	EndGlobalSection
	GlobalSection(SolutionProperties) = preSolution
		HideSolutionNode = FALSE
	EndGlobalSection
	GlobalSection(ExtensibilityGlobals) = postSolution
		SolutionGuid = {23026692-E03F-41CF-9C78-421A2ADE2544}
	EndGlobalSection
EndGlobal
